
Microsoft Visual Studio Solution File, Format Version 12.00
# Visual Studio 15
VisualStudioVersion = 15.0.27130.2026
MinimumVisualStudioVersion = 10.0.40219.1
Project("{8BC9CEB8-8B4A-11D0-8D11-00A0C91BC942}") = "AAEventManager", "EventManager\EventManager.vcxproj", "{19177CA6-4863-4678-92FC-0B634C4F706F}"
EndProject
Project("{8BC9CEB8-8B4A-11D0-8D11-00A0C91BC942}") = "DeathmatchEvent", "Events\DeathmatchEvent\DeathmatchEvent.vcxproj", "{4A5ECE72-95AF-4664-ADBF-FAF997E56E5D}"
	ProjectSection(ProjectDependencies) = postProject
		{19177CA6-4863-4678-92FC-0B634C4F706F} = {19177CA6-4863-4678-92FC-0B634C4F706F}
	EndProjectSection
EndProject
Project("{8BC9CEB8-8B4A-11D0-8D11-00A0C91BC942}") = "TeamDeathmatchEvent", "Events\TDMEvent\TDMEvent.vcxproj", "{B9908074-D1BC-41A6-9132-3E15C9CF94BA}"
	ProjectSection(ProjectDependencies) = postProject
		{19177CA6-4863-4678-92FC-0B634C4F706F} = {19177CA6-4863-4678-92FC-0B634C4F706F}
	EndProjectSection
EndProject
Global
	GlobalSection(SolutionConfigurationPlatforms) = preSolution
		Debug|x64 = Debug|x64
		Debug|x86 = Debug|x86
		Release|x64 = Release|x64
		Release|x86 = Release|x86
	EndGlobalSection
	GlobalSection(ProjectConfigurationPlatforms) = postSolution
		{19177CA6-4863-4678-92FC-0B634C4F706F}.Debug|x64.ActiveCfg = Debug|x64
		{19177CA6-4863-4678-92FC-0B634C4F706F}.Debug|x64.Build.0 = Debug|x64
		{19177CA6-4863-4678-92FC-0B634C4F706F}.Debug|x86.ActiveCfg = Debug|Win32
		{19177CA6-4863-4678-92FC-0B634C4F706F}.Debug|x86.Build.0 = Debug|Win32
		{19177CA6-4863-4678-92FC-0B634C4F706F}.Release|x64.ActiveCfg = Release|x64
		{19177CA6-4863-4678-92FC-0B634C4F706F}.Release|x64.Build.0 = Release|x64
		{19177CA6-4863-4678-92FC-0B634C4F706F}.Release|x86.ActiveCfg = Release|Win32
		{19177CA6-4863-4678-92FC-0B634C4F706F}.Release|x86.Build.0 = Release|Win32
		{4A5ECE72-95AF-4664-ADBF-FAF997E56E5D}.Debug|x64.ActiveCfg = Debug|x64
		{4A5ECE72-95AF-4664-ADBF-FAF997E56E5D}.Debug|x64.Build.0 = Debug|x64
		{4A5ECE72-95AF-4664-ADBF-FAF997E56E5D}.Debug|x86.ActiveCfg = Debug|Win32
		{4A5ECE72-95AF-4664-ADBF-FAF997E56E5D}.Debug|x86.Build.0 = Debug|Win32
		{4A5ECE72-95AF-4664-ADBF-FAF997E56E5D}.Release|x64.ActiveCfg = Release|x64
		{4A5ECE72-95AF-4664-ADBF-FAF997E56E5D}.Release|x64.Build.0 = Release|x64
		{4A5ECE72-95AF-4664-ADBF-FAF997E56E5D}.Release|x86.ActiveCfg = Release|Win32
		{4A5ECE72-95AF-4664-ADBF-FAF997E56E5D}.Release|x86.Build.0 = Release|Win32
		{B9908074-D1BC-41A6-9132-3E15C9CF94BA}.Debug|x64.ActiveCfg = Debug|x64
		{B9908074-D1BC-41A6-9132-3E15C9CF94BA}.Debug|x64.Build.0 = Debug|x64
		{B9908074-D1BC-41A6-9132-3E15C9CF94BA}.Debug|x86.ActiveCfg = Debug|Win32
		{B9908074-D1BC-41A6-9132-3E15C9CF94BA}.Debug|x86.Build.0 = Debug|Win32
		{B9908074-D1BC-41A6-9132-3E15C9CF94BA}.Release|x64.ActiveCfg = Release|x64
		{B9908074-D1BC-41A6-9132-3E15C9CF94BA}.Release|x64.Build.0 = Release|x64
		{B9908074-D1BC-41A6-9132-3E15C9CF94BA}.Release|x86.ActiveCfg = Release|Win32
		{B9908074-D1BC-41A6-9132-3E15C9CF94BA}.Release|x86.Build.0 = Release|Win32
	EndGlobalSection
	GlobalSection(SolutionProperties) = preSolution
		HideSolutionNode = FALSE
	EndGlobalSection
	GlobalSection(ExtensibilityGlobals) = postSolution
		SolutionGuid = {8472890D-27EA-4F2D-8F8A-DD9815CAD02B}
	EndGlobalSection
EndGlobal
