
Microsoft Visual Studio Solution File, Format Version 12.00
# Visual Studio 15
VisualStudioVersion = 15.0.28307.106
MinimumVisualStudioVersion = 10.0.40219.1
Project("{FAE04EC0-301F-11D3-BF4B-00C04F79EFBC}") = "Api Hook Creator", "ArkApi Hook Creator\Api Hook Creator.csproj", "{1970A077-F563-43CF-9688-50AE181E8707}"
EndProject
Global
	GlobalSection(SolutionConfigurationPlatforms) = preSolution
		Debug|Any CPU = Debug|Any CPU
		Release|Any CPU = Release|Any CPU
	EndGlobalSection
	GlobalSection(ProjectConfigurationPlatforms) = postSolution
		{1970A077-F563-43CF-9688-50AE181E8707}.Debug|Any CPU.ActiveCfg = Debug|Any CPU
		{1970A077-F563-43CF-9688-50AE181E8707}.Debug|Any CPU.Build.0 = Debug|Any CPU
		{1970A077-F563-43CF-9688-50AE181E8707}.Release|Any CPU.ActiveCfg = Release|Any CPU
		{1970A077-F563-43CF-9688-50AE181E8707}.Release|Any CPU.Build.0 = Release|Any CPU
	EndGlobalSection
	GlobalSection(SolutionProperties) = preSolution
		HideSolutionNode = FALSE
	EndGlobalSection
	GlobalSection(ExtensibilityGlobals) = postSolution
		SolutionGuid = {559053F8-FAEA-4994-A07D-3D69DB8F0523}
	EndGlobalSection
EndGlobal
